
Microsoft Visual Studio Solution File, Format Version 12.00
# Visual Studio Version 17
VisualStudioVersion = 17.9.34622.214
MinimumVisualStudioVersion = 10.0.40219.1
Project("{FAE04EC0-301F-11D3-BF4B-00C04F79EFBC}") = "LocatoraVeiculo", "LocatoraVeiculo\LocatoraVeiculo.csproj", "{DFF44E27-70A2-43D2-A1F2-B3361F938FEA}"
EndProject
Global
	GlobalSection(SolutionConfigurationPlatforms) = preSolution
		Debug|Any CPU = Debug|Any CPU
		Release|Any CPU = Release|Any CPU
	EndGlobalSection
	GlobalSection(ProjectConfigurationPlatforms) = postSolution
		{DFF44E27-70A2-43D2-A1F2-B3361F938FEA}.Debug|Any CPU.ActiveCfg = Debug|Any CPU
		{DFF44E27-70A2-43D2-A1F2-B3361F938FEA}.Debug|Any CPU.Build.0 = Debug|Any CPU
		{DFF44E27-70A2-43D2-A1F2-B3361F938FEA}.Release|Any CPU.ActiveCfg = Release|Any CPU
		{DFF44E27-70A2-43D2-A1F2-B3361F938FEA}.Release|Any CPU.Build.0 = Release|Any CPU
	EndGlobalSection
	GlobalSection(SolutionProperties) = preSolution
		HideSolutionNode = FALSE
	EndGlobalSection
	GlobalSection(ExtensibilityGlobals) = postSolution
		SolutionGuid = {0D2B6408-AE2D-467A-85AC-FE95F79C15FE}
	EndGlobalSection
EndGlobal
