
Microsoft Visual Studio Solution File, Format Version 12.00
# Visual Studio Version 17
VisualStudioVersion = 17.9.34622.214
MinimumVisualStudioVersion = 10.0.40219.1
Project("{FAE04EC0-301F-11D3-BF4B-00C04F79EFBC}") = "SalesWebMvcV2", "SalesWebMvcV2\SalesWebMvcV2.csproj", "{BCCAC3CE-39F3-4632-A90B-A5AC1FC0EF5E}"
EndProject
Global
	GlobalSection(SolutionConfigurationPlatforms) = preSolution
		Debug|Any CPU = Debug|Any CPU
		Release|Any CPU = Release|Any CPU
	EndGlobalSection
	GlobalSection(ProjectConfigurationPlatforms) = postSolution
		{BCCAC3CE-39F3-4632-A90B-A5AC1FC0EF5E}.Debug|Any CPU.ActiveCfg = Debug|Any CPU
		{BCCAC3CE-39F3-4632-A90B-A5AC1FC0EF5E}.Debug|Any CPU.Build.0 = Debug|Any CPU
		{BCCAC3CE-39F3-4632-A90B-A5AC1FC0EF5E}.Release|Any CPU.ActiveCfg = Release|Any CPU
		{BCCAC3CE-39F3-4632-A90B-A5AC1FC0EF5E}.Release|Any CPU.Build.0 = Release|Any CPU
	EndGlobalSection
	GlobalSection(SolutionProperties) = preSolution
		HideSolutionNode = FALSE
	EndGlobalSection
	GlobalSection(ExtensibilityGlobals) = postSolution
		SolutionGuid = {585A67F5-C3CA-48D4-B356-5152C0209794}
	EndGlobalSection
EndGlobal
