
Microsoft Visual Studio Solution File, Format Version 12.00
# Visual Studio Version 17
VisualStudioVersion = 17.9.34622.214
MinimumVisualStudioVersion = 10.0.40219.1
Project("{FAE04EC0-301F-11D3-BF4B-00C04F79EFBC}") = "AppNumeroDaSorte", "AppNumeroDaSorte\AppNumeroDaSorte.csproj", "{24A72577-CAC1-4EE4-835D-FF37446F5F69}"
EndProject
Project("{2150E333-8FDC-42A3-9474-1A3956D46DE8}") = "App 01", "App 01", "{9576F26A-7876-40DF-BAA4-A469E8202405}"
EndProject
Global
	GlobalSection(SolutionConfigurationPlatforms) = preSolution
		Debug|Any CPU = Debug|Any CPU
		Release|Any CPU = Release|Any CPU
	EndGlobalSection
	GlobalSection(ProjectConfigurationPlatforms) = postSolution
		{24A72577-CAC1-4EE4-835D-FF37446F5F69}.Debug|Any CPU.ActiveCfg = Debug|Any CPU
		{24A72577-CAC1-4EE4-835D-FF37446F5F69}.Debug|Any CPU.Build.0 = Debug|Any CPU
		{24A72577-CAC1-4EE4-835D-FF37446F5F69}.Debug|Any CPU.Deploy.0 = Debug|Any CPU
		{24A72577-CAC1-4EE4-835D-FF37446F5F69}.Release|Any CPU.ActiveCfg = Release|Any CPU
		{24A72577-CAC1-4EE4-835D-FF37446F5F69}.Release|Any CPU.Build.0 = Release|Any CPU
		{24A72577-CAC1-4EE4-835D-FF37446F5F69}.Release|Any CPU.Deploy.0 = Release|Any CPU
	EndGlobalSection
	GlobalSection(SolutionProperties) = preSolution
		HideSolutionNode = FALSE
	EndGlobalSection
	GlobalSection(NestedProjects) = preSolution
		{24A72577-CAC1-4EE4-835D-FF37446F5F69} = {9576F26A-7876-40DF-BAA4-A469E8202405}
	EndGlobalSection
	GlobalSection(ExtensibilityGlobals) = postSolution
		SolutionGuid = {746B9397-607F-414C-A108-FC025B8C639E}
	EndGlobalSection
EndGlobal
