
Microsoft Visual Studio Solution File, Format Version 12.00
# Visual Studio Version 17
VisualStudioVersion = 17.9.34622.214
MinimumVisualStudioVersion = 10.0.40219.1
Project("{FAE04EC0-301F-11D3-BF4B-00C04F79EFBC}") = "SalesWebMvc", "SalesWebMvc\SalesWebMvc.csproj", "{22645057-B45C-4F28-9F1C-611C4AE12116}"
EndProject
Global
	GlobalSection(SolutionConfigurationPlatforms) = preSolution
		Debug|Any CPU = Debug|Any CPU
		Release|Any CPU = Release|Any CPU
	EndGlobalSection
	GlobalSection(ProjectConfigurationPlatforms) = postSolution
		{22645057-B45C-4F28-9F1C-611C4AE12116}.Debug|Any CPU.ActiveCfg = Debug|Any CPU
		{22645057-B45C-4F28-9F1C-611C4AE12116}.Debug|Any CPU.Build.0 = Debug|Any CPU
		{22645057-B45C-4F28-9F1C-611C4AE12116}.Release|Any CPU.ActiveCfg = Release|Any CPU
		{22645057-B45C-4F28-9F1C-611C4AE12116}.Release|Any CPU.Build.0 = Release|Any CPU
	EndGlobalSection
	GlobalSection(SolutionProperties) = preSolution
		HideSolutionNode = FALSE
	EndGlobalSection
	GlobalSection(ExtensibilityGlobals) = postSolution
		SolutionGuid = {9F5C0100-66AE-4268-BC6F-E5EA198458E9}
	EndGlobalSection
EndGlobal
