
Microsoft Visual Studio Solution File, Format Version 12.00
# Visual Studio Version 17
VisualStudioVersion = 17.9.34622.214
MinimumVisualStudioVersion = 10.0.40219.1
Project("{FAE04EC0-301F-11D3-BF4B-00C04F79EFBC}") = "ProjectOrder", "ProjectOrder\ProjectOrder.csproj", "{B4C5B535-3999-459A-A128-A3C6BD775C07}"
EndProject
Global
	GlobalSection(SolutionConfigurationPlatforms) = preSolution
		Debug|Any CPU = Debug|Any CPU
		Release|Any CPU = Release|Any CPU
	EndGlobalSection
	GlobalSection(ProjectConfigurationPlatforms) = postSolution
		{B4C5B535-3999-459A-A128-A3C6BD775C07}.Debug|Any CPU.ActiveCfg = Debug|Any CPU
		{B4C5B535-3999-459A-A128-A3C6BD775C07}.Debug|Any CPU.Build.0 = Debug|Any CPU
		{B4C5B535-3999-459A-A128-A3C6BD775C07}.Release|Any CPU.ActiveCfg = Release|Any CPU
		{B4C5B535-3999-459A-A128-A3C6BD775C07}.Release|Any CPU.Build.0 = Release|Any CPU
	EndGlobalSection
	GlobalSection(SolutionProperties) = preSolution
		HideSolutionNode = FALSE
	EndGlobalSection
	GlobalSection(ExtensibilityGlobals) = postSolution
		SolutionGuid = {7B4DF77C-B554-4B2C-86C5-70F180133850}
	EndGlobalSection
EndGlobal
